
Microsoft Visual Studio Solution File, Format Version 12.00
# Visual Studio Version 17
VisualStudioVersion = 17.13.35828.75 d17.13
MinimumVisualStudioVersion = 10.0.40219.1
Project("{2150E333-8FDC-42A3-9474-1A3956D46DE8}") = "src", "src", "{02EA681E-C7D8-13C7-8484-4AC65E1B71E8}"
EndProject
Project("{2150E333-8FDC-42A3-9474-1A3956D46DE8}") = "Common", "Common", "{BEE67F7F-F338-4F7E-8542-BD22009B729E}"
EndProject
Project("{2150E333-8FDC-42A3-9474-1A3956D46DE8}") = "Database", "Database", "{3A21E9C8-8B86-4B8E-B1F5-ADF96A8206C2}"
EndProject
Project("{2150E333-8FDC-42A3-9474-1A3956D46DE8}") = "Logging", "Logging", "{D5B133CB-038D-4659-B9C7-31D5387B1DB8}"
EndProject
Project("{2150E333-8FDC-42A3-9474-1A3956D46DE8}") = "Infrastructure", "Infrastructure", "{1998151D-2821-41A7-ACCF-03FE136879C5}"
EndProject
Project("{2150E333-8FDC-42A3-9474-1A3956D46DE8}") = "API", "API", "{4607B3CA-4085-4DA4-90FF-03FEB8F16D9B}"
EndProject
Project("{2150E333-8FDC-42A3-9474-1A3956D46DE8}") = "Gateway", "Gateway", "{0250C1F7-7613-4F74-896C-91F5E873A477}"
EndProject
Project("{2150E333-8FDC-42A3-9474-1A3956D46DE8}") = "Simulator", "Simulator", "{9F1B4AB9-DEC3-4892-8986-B513A9FBA0B9}"
EndProject
Project("{2150E333-8FDC-42A3-9474-1A3956D46DE8}") = "docker", "docker", "{7D22B93F-5E14-4DE4-9F84-97BBCCE0172B}"
EndProject
Project("{2150E333-8FDC-42A3-9474-1A3956D46DE8}") = "database-scripts", "database-scripts", "{7D69BC63-95BF-4BF0-AB1B-42419222C423}"
EndProject
Project("{2150E333-8FDC-42A3-9474-1A3956D46DE8}") = "docs", "docs", "{28CCC8BB-B99F-4772-AE5C-B2C27987CA65}"
EndProject
Project("{FAE04EC0-301F-11D3-BF4B-00C04F79EFBC}") = "SmartCity.Common", "Common\SmartCity.Common.csproj", "{428F857F-1B23-4B46-A26B-2F367625A9FD}"
EndProject
Project("{FAE04EC0-301F-11D3-BF4B-00C04F79EFBC}") = "SmartCity.Database.Core", "Core\SmartCity.Database.Core.csproj", "{C0903284-530C-4962-B260-4B09D9227EAA}"
EndProject
Project("{FAE04EC0-301F-11D3-BF4B-00C04F79EFBC}") = "SmartCity.Database.Postgres", "Postgres\SmartCity.Database.Postgres.csproj", "{B36302E8-A66B-4016-9B9C-FC5A74E45C5B}"
EndProject
Project("{FAE04EC0-301F-11D3-BF4B-00C04F79EFBC}") = "SmartCity.Database.Sharding", "Sharding\SmartCity.Database.Sharding.csproj", "{4E0E55BF-2009-4E80-A916-9BCBAF6195C7}"
EndProject
Project("{FAE04EC0-301F-11D3-BF4B-00C04F79EFBC}") = "SmartCity.Database.Replication", "Replication\SmartCity.Database.Replication.csproj", "{B0A36363-4F8F-4F8A-A47C-8D9C64A82216}"
EndProject
Project("{FAE04EC0-301F-11D3-BF4B-00C04F79EFBC}") = "SmartCity.Database.Controller", "Controller\SmartCity.Database.Controller.csproj", "{0C57D196-2B25-4AF2-B03E-9C03FFC3016C}"
EndProject
Project("{FAE04EC0-301F-11D3-BF4B-00C04F79EFBC}") = "SmartCity.Logging.Core", "SmartCity.Logging.Core\SmartCity.Logging.Core.csproj", "{F0160BDD-2508-4146-AAC8-C37F775C6DE8}"
EndProject
Project("{FAE04EC0-301F-11D3-BF4B-00C04F79EFBC}") = "SmartCity.Logging.Serilog", "SmartCity.Logging.Serilog\SmartCity.Logging.Serilog.csproj", "{D1A5A83F-A02C-479A-9C14-E93392AB2191}"
EndProject
Project("{FAE04EC0-301F-11D3-BF4B-00C04F79EFBC}") = "SmartCity.Logging.Performance", "SmartCity.Logging.Performance\SmartCity.Logging.Performance.csproj", "{F3D971A3-DCF9-45B9-8654-F1566D5D589F}"
EndProject
Project("{FAE04EC0-301F-11D3-BF4B-00C04F79EFBC}") = "SmartCity.Infrastructure.Cache", "SmartCity.Infrastructure.Cache\SmartCity.Infrastructure.Cache.csproj", "{98138B5F-57C9-4F0B-A345-433561E7A2F4}"
EndProject
Project("{FAE04EC0-301F-11D3-BF4B-00C04F79EFBC}") = "SmartCity.Infrastructure.Messaging", "SmartCity.Infrastructure.Messaging\SmartCity.Infrastructure.Messaging.csproj", "{73040528-123A-42A5-8626-229DA427283D}"
EndProject
Project("{FAE04EC0-301F-11D3-BF4B-00C04F79EFBC}") = "SmartCity.Infrastructure.Monitoring", "SmartCity.Infrastructure.Monitoring\SmartCity.Infrastructure.Monitoring.csproj", "{574691B4-6087-490A-93F2-BEFDBD91D499}"
EndProject
Project("{FAE04EC0-301F-11D3-BF4B-00C04F79EFBC}") = "SmartCity.API.Traffic", "SmartCity.API.Traffic\SmartCity.API.Traffic.csproj", "{F61CC04E-EA8C-4997-96C4-2BF3F7F0243F}"
EndProject
Project("{FAE04EC0-301F-11D3-BF4B-00C04F79EFBC}") = "SmartCity.API.Emergency", "SmartCity.API.Emergency\SmartCity.API.Emergency.csproj", "{32CD52BD-94B1-4A86-BAF0-5DFC84C8D880}"
EndProject
Project("{FAE04EC0-301F-11D3-BF4B-00C04F79EFBC}") = "SmartCity.API.Energy", "SmartCity.API.Energy\SmartCity.API.Energy.csproj", "{23EB8B52-5673-47E7-A55D-32178158FB47}"
EndProject
Project("{FAE04EC0-301F-11D3-BF4B-00C04F79EFBC}") = "SmartCity.API.Waste", "SmartCity.API.Waste\SmartCity.API.Waste.csproj", "{EFFA4F12-94D3-48E4-9623-DD42DA88B049}"
EndProject
Project("{FAE04EC0-301F-11D3-BF4B-00C04F79EFBC}") = "SmartCity.API.Citizen", "SmartCity.API.Citizen\SmartCity.API.Citizen.csproj", "{60750ED9-6BEB-4327-8F9A-FEE6860DC234}"
EndProject
Project("{FAE04EC0-301F-11D3-BF4B-00C04F79EFBC}") = "SmartCity.API.Environment", "SmartCity.API.Environment\SmartCity.API.Environment.csproj", "{77E44035-F67C-4E5A-84A5-F1E445784F51}"
EndProject
Project("{FAE04EC0-301F-11D3-BF4B-00C04F79EFBC}") = "SmartCity.ApiGateway", "SmartCity.ApiGateway\SmartCity.ApiGateway.csproj", "{99C3B3F8-9B63-4910-A36D-D514844A993A}"
EndProject
Project("{FAE04EC0-301F-11D3-BF4B-00C04F79EFBC}") = "SmartCity.Simulator", "SmartCity.Simulator\SmartCity.Simulator.csproj", "{8231479C-39DA-439A-9321-E0B583CC75B6}"
EndProject
Global
	GlobalSection(SolutionConfigurationPlatforms) = preSolution
		Debug|Any CPU = Debug|Any CPU
		Release|Any CPU = Release|Any CPU
	EndGlobalSection
	GlobalSection(ProjectConfigurationPlatforms) = postSolution
		{428F857F-1B23-4B46-A26B-2F367625A9FD}.Debug|Any CPU.ActiveCfg = Debug|Any CPU
		{428F857F-1B23-4B46-A26B-2F367625A9FD}.Debug|Any CPU.Build.0 = Debug|Any CPU
		{428F857F-1B23-4B46-A26B-2F367625A9FD}.Release|Any CPU.ActiveCfg = Release|Any CPU
		{428F857F-1B23-4B46-A26B-2F367625A9FD}.Release|Any CPU.Build.0 = Release|Any CPU
		{C0903284-530C-4962-B260-4B09D9227EAA}.Debug|Any CPU.ActiveCfg = Debug|Any CPU
		{C0903284-530C-4962-B260-4B09D9227EAA}.Debug|Any CPU.Build.0 = Debug|Any CPU
		{C0903284-530C-4962-B260-4B09D9227EAA}.Release|Any CPU.ActiveCfg = Release|Any CPU
		{C0903284-530C-4962-B260-4B09D9227EAA}.Release|Any CPU.Build.0 = Release|Any CPU
		{B36302E8-A66B-4016-9B9C-FC5A74E45C5B}.Debug|Any CPU.ActiveCfg = Debug|Any CPU
		{B36302E8-A66B-4016-9B9C-FC5A74E45C5B}.Debug|Any CPU.Build.0 = Debug|Any CPU
		{B36302E8-A66B-4016-9B9C-FC5A74E45C5B}.Release|Any CPU.ActiveCfg = Release|Any CPU
		{B36302E8-A66B-4016-9B9C-FC5A74E45C5B}.Release|Any CPU.Build.0 = Release|Any CPU
		{4E0E55BF-2009-4E80-A916-9BCBAF6195C7}.Debug|Any CPU.ActiveCfg = Debug|Any CPU
		{4E0E55BF-2009-4E80-A916-9BCBAF6195C7}.Debug|Any CPU.Build.0 = Debug|Any CPU
		{4E0E55BF-2009-4E80-A916-9BCBAF6195C7}.Release|Any CPU.ActiveCfg = Release|Any CPU
		{4E0E55BF-2009-4E80-A916-9BCBAF6195C7}.Release|Any CPU.Build.0 = Release|Any CPU
		{B0A36363-4F8F-4F8A-A47C-8D9C64A82216}.Debug|Any CPU.ActiveCfg = Debug|Any CPU
		{B0A36363-4F8F-4F8A-A47C-8D9C64A82216}.Debug|Any CPU.Build.0 = Debug|Any CPU
		{B0A36363-4F8F-4F8A-A47C-8D9C64A82216}.Release|Any CPU.ActiveCfg = Release|Any CPU
		{B0A36363-4F8F-4F8A-A47C-8D9C64A82216}.Release|Any CPU.Build.0 = Release|Any CPU
		{0C57D196-2B25-4AF2-B03E-9C03FFC3016C}.Debug|Any CPU.ActiveCfg = Debug|Any CPU
		{0C57D196-2B25-4AF2-B03E-9C03FFC3016C}.Debug|Any CPU.Build.0 = Debug|Any CPU
		{0C57D196-2B25-4AF2-B03E-9C03FFC3016C}.Release|Any CPU.ActiveCfg = Release|Any CPU
		{0C57D196-2B25-4AF2-B03E-9C03FFC3016C}.Release|Any CPU.Build.0 = Release|Any CPU
		{F0160BDD-2508-4146-AAC8-C37F775C6DE8}.Debug|Any CPU.ActiveCfg = Debug|Any CPU
		{F0160BDD-2508-4146-AAC8-C37F775C6DE8}.Debug|Any CPU.Build.0 = Debug|Any CPU
		{F0160BDD-2508-4146-AAC8-C37F775C6DE8}.Release|Any CPU.ActiveCfg = Release|Any CPU
		{F0160BDD-2508-4146-AAC8-C37F775C6DE8}.Release|Any CPU.Build.0 = Release|Any CPU
		{D1A5A83F-A02C-479A-9C14-E93392AB2191}.Debug|Any CPU.ActiveCfg = Debug|Any CPU
		{D1A5A83F-A02C-479A-9C14-E93392AB2191}.Debug|Any CPU.Build.0 = Debug|Any CPU
		{D1A5A83F-A02C-479A-9C14-E93392AB2191}.Release|Any CPU.ActiveCfg = Release|Any CPU
		{D1A5A83F-A02C-479A-9C14-E93392AB2191}.Release|Any CPU.Build.0 = Release|Any CPU
		{F3D971A3-DCF9-45B9-8654-F1566D5D589F}.Debug|Any CPU.ActiveCfg = Debug|Any CPU
		{F3D971A3-DCF9-45B9-8654-F1566D5D589F}.Debug|Any CPU.Build.0 = Debug|Any CPU
		{F3D971A3-DCF9-45B9-8654-F1566D5D589F}.Release|Any CPU.ActiveCfg = Release|Any CPU
		{F3D971A3-DCF9-45B9-8654-F1566D5D589F}.Release|Any CPU.Build.0 = Release|Any CPU
		{98138B5F-57C9-4F0B-A345-433561E7A2F4}.Debug|Any CPU.ActiveCfg = Debug|Any CPU
		{98138B5F-57C9-4F0B-A345-433561E7A2F4}.Debug|Any CPU.Build.0 = Debug|Any CPU
		{98138B5F-57C9-4F0B-A345-433561E7A2F4}.Release|Any CPU.ActiveCfg = Release|Any CPU
		{98138B5F-57C9-4F0B-A345-433561E7A2F4}.Release|Any CPU.Build.0 = Release|Any CPU
		{73040528-123A-42A5-8626-229DA427283D}.Debug|Any CPU.ActiveCfg = Debug|Any CPU
		{73040528-123A-42A5-8626-229DA427283D}.Debug|Any CPU.Build.0 = Debug|Any CPU
		{73040528-123A-42A5-8626-229DA427283D}.Release|Any CPU.ActiveCfg = Release|Any CPU
		{73040528-123A-42A5-8626-229DA427283D}.Release|Any CPU.Build.0 = Release|Any CPU
		{574691B4-6087-490A-93F2-BEFDBD91D499}.Debug|Any CPU.ActiveCfg = Debug|Any CPU
		{574691B4-6087-490A-93F2-BEFDBD91D499}.Debug|Any CPU.Build.0 = Debug|Any CPU
		{574691B4-6087-490A-93F2-BEFDBD91D499}.Release|Any CPU.ActiveCfg = Release|Any CPU
		{574691B4-6087-490A-93F2-BEFDBD91D499}.Release|Any CPU.Build.0 = Release|Any CPU
		{F61CC04E-EA8C-4997-96C4-2BF3F7F0243F}.Debug|Any CPU.ActiveCfg = Debug|Any CPU
		{F61CC04E-EA8C-4997-96C4-2BF3F7F0243F}.Debug|Any CPU.Build.0 = Debug|Any CPU
		{F61CC04E-EA8C-4997-96C4-2BF3F7F0243F}.Release|Any CPU.ActiveCfg = Release|Any CPU
		{F61CC04E-EA8C-4997-96C4-2BF3F7F0243F}.Release|Any CPU.Build.0 = Release|Any CPU
		{32CD52BD-94B1-4A86-BAF0-5DFC84C8D880}.Debug|Any CPU.ActiveCfg = Debug|Any CPU
		{32CD52BD-94B1-4A86-BAF0-5DFC84C8D880}.Debug|Any CPU.Build.0 = Debug|Any CPU
		{32CD52BD-94B1-4A86-BAF0-5DFC84C8D880}.Release|Any CPU.ActiveCfg = Release|Any CPU
		{32CD52BD-94B1-4A86-BAF0-5DFC84C8D880}.Release|Any CPU.Build.0 = Release|Any CPU
		{23EB8B52-5673-47E7-A55D-32178158FB47}.Debug|Any CPU.ActiveCfg = Debug|Any CPU
		{23EB8B52-5673-47E7-A55D-32178158FB47}.Debug|Any CPU.Build.0 = Debug|Any CPU
		{23EB8B52-5673-47E7-A55D-32178158FB47}.Release|Any CPU.ActiveCfg = Release|Any CPU
		{23EB8B52-5673-47E7-A55D-32178158FB47}.Release|Any CPU.Build.0 = Release|Any CPU
		{EFFA4F12-94D3-48E4-9623-DD42DA88B049}.Debug|Any CPU.ActiveCfg = Debug|Any CPU
		{EFFA4F12-94D3-48E4-9623-DD42DA88B049}.Debug|Any CPU.Build.0 = Debug|Any CPU
		{EFFA4F12-94D3-48E4-9623-DD42DA88B049}.Release|Any CPU.ActiveCfg = Release|Any CPU
		{EFFA4F12-94D3-48E4-9623-DD42DA88B049}.Release|Any CPU.Build.0 = Release|Any CPU
		{60750ED9-6BEB-4327-8F9A-FEE6860DC234}.Debug|Any CPU.ActiveCfg = Debug|Any CPU
		{60750ED9-6BEB-4327-8F9A-FEE6860DC234}.Debug|Any CPU.Build.0 = Debug|Any CPU
		{60750ED9-6BEB-4327-8F9A-FEE6860DC234}.Release|Any CPU.ActiveCfg = Release|Any CPU
		{60750ED9-6BEB-4327-8F9A-FEE6860DC234}.Release|Any CPU.Build.0 = Release|Any CPU
		{77E44035-F67C-4E5A-84A5-F1E445784F51}.Debug|Any CPU.ActiveCfg = Debug|Any CPU
		{77E44035-F67C-4E5A-84A5-F1E445784F51}.Debug|Any CPU.Build.0 = Debug|Any CPU
		{77E44035-F67C-4E5A-84A5-F1E445784F51}.Release|Any CPU.ActiveCfg = Release|Any CPU
		{77E44035-F67C-4E5A-84A5-F1E445784F51}.Release|Any CPU.Build.0 = Release|Any CPU
		{99C3B3F8-9B63-4910-A36D-D514844A993A}.Debug|Any CPU.ActiveCfg = Debug|Any CPU
		{99C3B3F8-9B63-4910-A36D-D514844A993A}.Debug|Any CPU.Build.0 = Debug|Any CPU
		{99C3B3F8-9B63-4910-A36D-D514844A993A}.Release|Any CPU.ActiveCfg = Release|Any CPU
		{99C3B3F8-9B63-4910-A36D-D514844A993A}.Release|Any CPU.Build.0 = Release|Any CPU
		{8231479C-39DA-439A-9321-E0B583CC75B6}.Debug|Any CPU.ActiveCfg = Debug|Any CPU
		{8231479C-39DA-439A-9321-E0B583CC75B6}.Debug|Any CPU.Build.0 = Debug|Any CPU
		{8231479C-39DA-439A-9321-E0B583CC75B6}.Release|Any CPU.ActiveCfg = Release|Any CPU
		{8231479C-39DA-439A-9321-E0B583CC75B6}.Release|Any CPU.Build.0 = Release|Any CPU
	EndGlobalSection
	GlobalSection(SolutionProperties) = preSolution
		HideSolutionNode = FALSE
	EndGlobalSection
	GlobalSection(NestedProjects) = preSolution
		{BEE67F7F-F338-4F7E-8542-BD22009B729E} = {02EA681E-C7D8-13C7-8484-4AC65E1B71E8}
		{3A21E9C8-8B86-4B8E-B1F5-ADF96A8206C2} = {02EA681E-C7D8-13C7-8484-4AC65E1B71E8}
		{D5B133CB-038D-4659-B9C7-31D5387B1DB8} = {02EA681E-C7D8-13C7-8484-4AC65E1B71E8}
		{1998151D-2821-41A7-ACCF-03FE136879C5} = {02EA681E-C7D8-13C7-8484-4AC65E1B71E8}
		{4607B3CA-4085-4DA4-90FF-03FEB8F16D9B} = {02EA681E-C7D8-13C7-8484-4AC65E1B71E8}
		{0250C1F7-7613-4F74-896C-91F5E873A477} = {02EA681E-C7D8-13C7-8484-4AC65E1B71E8}
		{9F1B4AB9-DEC3-4892-8986-B513A9FBA0B9} = {02EA681E-C7D8-13C7-8484-4AC65E1B71E8}
		{428F857F-1B23-4B46-A26B-2F367625A9FD} = {BEE67F7F-F338-4F7E-8542-BD22009B729E}
		{C0903284-530C-4962-B260-4B09D9227EAA} = {3A21E9C8-8B86-4B8E-B1F5-ADF96A8206C2}
		{B36302E8-A66B-4016-9B9C-FC5A74E45C5B} = {3A21E9C8-8B86-4B8E-B1F5-ADF96A8206C2}
		{4E0E55BF-2009-4E80-A916-9BCBAF6195C7} = {3A21E9C8-8B86-4B8E-B1F5-ADF96A8206C2}
		{B0A36363-4F8F-4F8A-A47C-8D9C64A82216} = {3A21E9C8-8B86-4B8E-B1F5-ADF96A8206C2}
		{0C57D196-2B25-4AF2-B03E-9C03FFC3016C} = {3A21E9C8-8B86-4B8E-B1F5-ADF96A8206C2}
		{F0160BDD-2508-4146-AAC8-C37F775C6DE8} = {D5B133CB-038D-4659-B9C7-31D5387B1DB8}
		{D1A5A83F-A02C-479A-9C14-E93392AB2191} = {D5B133CB-038D-4659-B9C7-31D5387B1DB8}
		{F3D971A3-DCF9-45B9-8654-F1566D5D589F} = {D5B133CB-038D-4659-B9C7-31D5387B1DB8}
		{98138B5F-57C9-4F0B-A345-433561E7A2F4} = {1998151D-2821-41A7-ACCF-03FE136879C5}
		{73040528-123A-42A5-8626-229DA427283D} = {1998151D-2821-41A7-ACCF-03FE136879C5}
		{574691B4-6087-490A-93F2-BEFDBD91D499} = {1998151D-2821-41A7-ACCF-03FE136879C5}
		{F61CC04E-EA8C-4997-96C4-2BF3F7F0243F} = {4607B3CA-4085-4DA4-90FF-03FEB8F16D9B}
		{32CD52BD-94B1-4A86-BAF0-5DFC84C8D880} = {4607B3CA-4085-4DA4-90FF-03FEB8F16D9B}
		{23EB8B52-5673-47E7-A55D-32178158FB47} = {4607B3CA-4085-4DA4-90FF-03FEB8F16D9B}
		{EFFA4F12-94D3-48E4-9623-DD42DA88B049} = {4607B3CA-4085-4DA4-90FF-03FEB8F16D9B}
		{60750ED9-6BEB-4327-8F9A-FEE6860DC234} = {4607B3CA-4085-4DA4-90FF-03FEB8F16D9B}
		{77E44035-F67C-4E5A-84A5-F1E445784F51} = {4607B3CA-4085-4DA4-90FF-03FEB8F16D9B}
		{99C3B3F8-9B63-4910-A36D-D514844A993A} = {0250C1F7-7613-4F74-896C-91F5E873A477}
		{8231479C-39DA-439A-9321-E0B583CC75B6} = {9F1B4AB9-DEC3-4892-8986-B513A9FBA0B9}
	EndGlobalSection
	GlobalSection(ExtensibilityGlobals) = postSolution
		SolutionGuid = {CB84EF82-36E4-44DA-BAF0-296CA56F714B}
	EndGlobalSection
EndGlobal
