
Microsoft Visual Studio Solution File, Format Version 12.00
# Visual Studio Version 17
VisualStudioVersion = 17.13.35828.75
MinimumVisualStudioVersion = 10.0.40219.1
Project("{2150E333-8FDC-42A3-9474-1A3956D46DE8}") = "src", "src", "{02EA681E-C7D8-13C7-8484-4AC65E1B71E8}"
EndProject
Project("{2150E333-8FDC-42A3-9474-1A3956D46DE8}") = "Common", "Common", "{7A185D94-7321-4D57-A453-A00DCE4A2D21}"
EndProject
Project("{FAE04EC0-301F-11D3-BF4B-00C04F79EFBC}") = "SmartCity.Common", "SmartCity.Common\SmartCity.Common.csproj", "{71F690BE-70BB-4911-885B-F6C5D42A9BF3}"
EndProject
Project("{2150E333-8FDC-42A3-9474-1A3956D46DE8}") = "Database", "Database", "{9BBB734A-4D87-4D1E-8963-1B0C14B19F33}"
EndProject
Project("{FAE04EC0-301F-11D3-BF4B-00C04F79EFBC}") = "SmartCity.Database.Core", "SmartCity.Database.Core\SmartCity.Database.Core.csproj", "{BE855584-FA7F-4852-91D7-1CCD1C2C2FB2}"
EndProject
Project("{FAE04EC0-301F-11D3-BF4B-00C04F79EFBC}") = "SmartCity.Database.Postgres", "SmartCity.Database.Postgres\SmartCity.Database.Postgres.csproj", "{C2CE6165-0BD3-4CF4-ACAA-01AC55C8F539}"
EndProject
Project("{FAE04EC0-301F-11D3-BF4B-00C04F79EFBC}") = "SmartCity.Database.Sharding", "SmartCity.Database.Sharding\SmartCity.Database.Sharding.csproj", "{DC9E762C-AB78-4D06-83ED-26083DF298EB}"
EndProject
Project("{FAE04EC0-301F-11D3-BF4B-00C04F79EFBC}") = "SmartCity.Database.Replication", "SmartCity.Database.Replication\SmartCity.Database.Replication.csproj", "{4B84AF57-5F04-4A73-B023-6ED1630FB7F6}"
EndProject
Project("{FAE04EC0-301F-11D3-BF4B-00C04F79EFBC}") = "SmartCity.Database.Controller", "SmartCity.Database.Controller\SmartCity.Database.Controller.csproj", "{B758A4C6-A851-40A4-B85B-57C237C13A69}"
EndProject
Project("{2150E333-8FDC-42A3-9474-1A3956D46DE8}") = "Logging", "Logging", "{586128A7-9850-4FBC-A2ED-B5270A465BA5}"
EndProject
Project("{FAE04EC0-301F-11D3-BF4B-00C04F79EFBC}") = "SmartCity.Logging.Core", "SmartCity.Logging.Core\SmartCity.Logging.Core.csproj", "{52E3C8A0-B25E-4CAE-B6BD-EF856AE0F8F4}"
EndProject
Project("{FAE04EC0-301F-11D3-BF4B-00C04F79EFBC}") = "SmartCity.Logging.Serilog", "SmartCity.Logging.Serilog\SmartCity.Logging.Serilog.csproj", "{30955DDE-48A4-4687-B977-A0ED5EDF8F06}"
EndProject
Project("{FAE04EC0-301F-11D3-BF4B-00C04F79EFBC}") = "SmartCity.Logging.Performance", "SmartCity.Logging.Performance\SmartCity.Logging.Performance.csproj", "{C970BE09-2B94-4B91-B8EC-7FD2C7B681F2}"
EndProject
Project("{2150E333-8FDC-42A3-9474-1A3956D46DE8}") = "Infrastructure", "Infrastructure", "{BB0C5C42-8F95-44B2-AD61-0943A885BE26}"
EndProject
Project("{FAE04EC0-301F-11D3-BF4B-00C04F79EFBC}") = "SmartCity.Infrastructure.Cache", "SmartCity.Infrastructure.Cache\SmartCity.Infrastructure.Cache.csproj", "{6BDEA579-8572-489D-8B10-3D454B184EDB}"
EndProject
Project("{FAE04EC0-301F-11D3-BF4B-00C04F79EFBC}") = "SmartCity.Infrastructure.Messaging", "SmartCity.Infrastructure.Messaging\SmartCity.Infrastructure.Messaging.csproj", "{49E9E751-E298-4C6C-9D50-C85D7749FBCB}"
EndProject
Project("{FAE04EC0-301F-11D3-BF4B-00C04F79EFBC}") = "SmartCity.Infrastructure.Monitoring", "SmartCity.Infrastructure.Monitoring\SmartCity.Infrastructure.Monitoring.csproj", "{CA040556-E8BA-4B7B-B200-4ACABC4FE146}"
EndProject
Project("{2150E333-8FDC-42A3-9474-1A3956D46DE8}") = "API", "API", "{31A79902-70AB-4155-B346-6A2B235AD64F}"
EndProject
Project("{FAE04EC0-301F-11D3-BF4B-00C04F79EFBC}") = "SmartCity.API.Traffic", "SmartCity.API.Traffic\SmartCity.API.Traffic.csproj", "{D7A05445-E0FC-409F-815B-89FEE5652146}"
EndProject
Project("{FAE04EC0-301F-11D3-BF4B-00C04F79EFBC}") = "SmartCity.API.Emergency", "SmartCity.API.Emergency\SmartCity.API.Emergency.csproj", "{3C6E1997-0AB9-4ADA-BCE9-35D41EC24505}"
EndProject
Project("{FAE04EC0-301F-11D3-BF4B-00C04F79EFBC}") = "SmartCity.API.Energy", "SmartCity.API.Energy\SmartCity.API.Energy.csproj", "{54020E83-8312-40C3-BF50-07A9283A0FFD}"
EndProject
Project("{FAE04EC0-301F-11D3-BF4B-00C04F79EFBC}") = "SmartCity.API.Waste", "SmartCity.API.Waste\SmartCity.API.Waste.csproj", "{1823523E-57E6-4FC2-8910-B062518C5DEB}"
EndProject
Project("{FAE04EC0-301F-11D3-BF4B-00C04F79EFBC}") = "SmartCity.API.Citizen", "SmartCity.API.Citizen\SmartCity.API.Citizen.csproj", "{981BC512-9BE9-426C-B63C-78CA76D52BE8}"
EndProject
Project("{FAE04EC0-301F-11D3-BF4B-00C04F79EFBC}") = "SmartCity.API.Environment", "SmartCity.API.Environment\SmartCity.API.Environment.csproj", "{3A885635-5B52-4B04-B94B-4EF0CA61B288}"
EndProject
Project("{2150E333-8FDC-42A3-9474-1A3956D46DE8}") = "Gateway", "Gateway", "{AA126DB9-E28E-40F1-AFDF-9B61F898BC88}"
EndProject
Project("{FAE04EC0-301F-11D3-BF4B-00C04F79EFBC}") = "SmartCity.ApiGateway", "SmartCity.ApiGateway\SmartCity.ApiGateway.csproj", "{619321A9-AB00-40DD-9939-31EDB520B097}"
EndProject
Project("{2150E333-8FDC-42A3-9474-1A3956D46DE8}") = "Simulator", "Simulator", "{71F94BE8-59ED-4CEA-A328-03BE20F47F01}"
EndProject
Project("{FAE04EC0-301F-11D3-BF4B-00C04F79EFBC}") = "SmartCity.Simulator", "SmartCity.Simulator\SmartCity.Simulator.csproj", "{2425695A-342D-4D08-A8FB-8D9329981F23}"
EndProject
Project("{2150E333-8FDC-42A3-9474-1A3956D46DE8}") = "docker", "docker", "{3B674B9D-6BA9-477E-AC48-CF1B6825D3A6}"
	ProjectSection(SolutionItems) = preProject
		docker-compose.yml = docker-compose.yml
	EndProjectSection
EndProject
Project("{2150E333-8FDC-42A3-9474-1A3956D46DE8}") = "database-scripts", "database-scripts", "{75BF1900-10EB-4864-B7E4-A6C011263954}"
EndProject
Project("{2150E333-8FDC-42A3-9474-1A3956D46DE8}") = "docs", "docs", "{86C1DE1E-13EF-4188-924B-95E96399ED54}"
EndProject
Global
	GlobalSection(SolutionConfigurationPlatforms) = preSolution
		Debug|Any CPU = Debug|Any CPU
		Release|Any CPU = Release|Any CPU
	EndGlobalSection
	GlobalSection(ProjectConfigurationPlatforms) = postSolution
		{71F690BE-70BB-4911-885B-F6C5D42A9BF3}.Debug|Any CPU.ActiveCfg = Debug|Any CPU
		{71F690BE-70BB-4911-885B-F6C5D42A9BF3}.Debug|Any CPU.Build.0 = Debug|Any CPU
		{71F690BE-70BB-4911-885B-F6C5D42A9BF3}.Release|Any CPU.ActiveCfg = Release|Any CPU
		{71F690BE-70BB-4911-885B-F6C5D42A9BF3}.Release|Any CPU.Build.0 = Release|Any CPU
		{BE855584-FA7F-4852-91D7-1CCD1C2C2FB2}.Debug|Any CPU.ActiveCfg = Debug|Any CPU
		{BE855584-FA7F-4852-91D7-1CCD1C2C2FB2}.Debug|Any CPU.Build.0 = Debug|Any CPU
		{BE855584-FA7F-4852-91D7-1CCD1C2C2FB2}.Release|Any CPU.ActiveCfg = Release|Any CPU
		{BE855584-FA7F-4852-91D7-1CCD1C2C2FB2}.Release|Any CPU.Build.0 = Release|Any CPU
		{C2CE6165-0BD3-4CF4-ACAA-01AC55C8F539}.Debug|Any CPU.ActiveCfg = Debug|Any CPU
		{C2CE6165-0BD3-4CF4-ACAA-01AC55C8F539}.Debug|Any CPU.Build.0 = Debug|Any CPU
		{C2CE6165-0BD3-4CF4-ACAA-01AC55C8F539}.Release|Any CPU.ActiveCfg = Release|Any CPU
		{C2CE6165-0BD3-4CF4-ACAA-01AC55C8F539}.Release|Any CPU.Build.0 = Release|Any CPU
		{DC9E762C-AB78-4D06-83ED-26083DF298EB}.Debug|Any CPU.ActiveCfg = Debug|Any CPU
		{DC9E762C-AB78-4D06-83ED-26083DF298EB}.Debug|Any CPU.Build.0 = Debug|Any CPU
		{DC9E762C-AB78-4D06-83ED-26083DF298EB}.Release|Any CPU.ActiveCfg = Release|Any CPU
		{DC9E762C-AB78-4D06-83ED-26083DF298EB}.Release|Any CPU.Build.0 = Release|Any CPU
		{4B84AF57-5F04-4A73-B023-6ED1630FB7F6}.Debug|Any CPU.ActiveCfg = Debug|Any CPU
		{4B84AF57-5F04-4A73-B023-6ED1630FB7F6}.Debug|Any CPU.Build.0 = Debug|Any CPU
		{4B84AF57-5F04-4A73-B023-6ED1630FB7F6}.Release|Any CPU.ActiveCfg = Release|Any CPU
		{4B84AF57-5F04-4A73-B023-6ED1630FB7F6}.Release|Any CPU.Build.0 = Release|Any CPU
		{B758A4C6-A851-40A4-B85B-57C237C13A69}.Debug|Any CPU.ActiveCfg = Debug|Any CPU
		{B758A4C6-A851-40A4-B85B-57C237C13A69}.Debug|Any CPU.Build.0 = Debug|Any CPU
		{B758A4C6-A851-40A4-B85B-57C237C13A69}.Release|Any CPU.ActiveCfg = Release|Any CPU
		{B758A4C6-A851-40A4-B85B-57C237C13A69}.Release|Any CPU.Build.0 = Release|Any CPU
		{52E3C8A0-B25E-4CAE-B6BD-EF856AE0F8F4}.Debug|Any CPU.ActiveCfg = Debug|Any CPU
		{52E3C8A0-B25E-4CAE-B6BD-EF856AE0F8F4}.Debug|Any CPU.Build.0 = Debug|Any CPU
		{52E3C8A0-B25E-4CAE-B6BD-EF856AE0F8F4}.Release|Any CPU.ActiveCfg = Release|Any CPU
		{52E3C8A0-B25E-4CAE-B6BD-EF856AE0F8F4}.Release|Any CPU.Build.0 = Release|Any CPU
		{30955DDE-48A4-4687-B977-A0ED5EDF8F06}.Debug|Any CPU.ActiveCfg = Debug|Any CPU
		{30955DDE-48A4-4687-B977-A0ED5EDF8F06}.Debug|Any CPU.Build.0 = Debug|Any CPU
		{30955DDE-48A4-4687-B977-A0ED5EDF8F06}.Release|Any CPU.ActiveCfg = Release|Any CPU
		{30955DDE-48A4-4687-B977-A0ED5EDF8F06}.Release|Any CPU.Build.0 = Release|Any CPU
		{C970BE09-2B94-4B91-B8EC-7FD2C7B681F2}.Debug|Any CPU.ActiveCfg = Debug|Any CPU
		{C970BE09-2B94-4B91-B8EC-7FD2C7B681F2}.Debug|Any CPU.Build.0 = Debug|Any CPU
		{C970BE09-2B94-4B91-B8EC-7FD2C7B681F2}.Release|Any CPU.ActiveCfg = Release|Any CPU
		{C970BE09-2B94-4B91-B8EC-7FD2C7B681F2}.Release|Any CPU.Build.0 = Release|Any CPU
		{6BDEA579-8572-489D-8B10-3D454B184EDB}.Debug|Any CPU.ActiveCfg = Debug|Any CPU
		{6BDEA579-8572-489D-8B10-3D454B184EDB}.Debug|Any CPU.Build.0 = Debug|Any CPU
		{6BDEA579-8572-489D-8B10-3D454B184EDB}.Release|Any CPU.ActiveCfg = Release|Any CPU
		{6BDEA579-8572-489D-8B10-3D454B184EDB}.Release|Any CPU.Build.0 = Release|Any CPU
		{49E9E751-E298-4C6C-9D50-C85D7749FBCB}.Debug|Any CPU.ActiveCfg = Debug|Any CPU
		{49E9E751-E298-4C6C-9D50-C85D7749FBCB}.Debug|Any CPU.Build.0 = Debug|Any CPU
		{49E9E751-E298-4C6C-9D50-C85D7749FBCB}.Release|Any CPU.ActiveCfg = Release|Any CPU
		{49E9E751-E298-4C6C-9D50-C85D7749FBCB}.Release|Any CPU.Build.0 = Release|Any CPU
		{CA040556-E8BA-4B7B-B200-4ACABC4FE146}.Debug|Any CPU.ActiveCfg = Debug|Any CPU
		{CA040556-E8BA-4B7B-B200-4ACABC4FE146}.Debug|Any CPU.Build.0 = Debug|Any CPU
		{CA040556-E8BA-4B7B-B200-4ACABC4FE146}.Release|Any CPU.ActiveCfg = Release|Any CPU
		{CA040556-E8BA-4B7B-B200-4ACABC4FE146}.Release|Any CPU.Build.0 = Release|Any CPU
		{D7A05445-E0FC-409F-815B-89FEE5652146}.Debug|Any CPU.ActiveCfg = Debug|Any CPU
		{D7A05445-E0FC-409F-815B-89FEE5652146}.Debug|Any CPU.Build.0 = Debug|Any CPU
		{D7A05445-E0FC-409F-815B-89FEE5652146}.Release|Any CPU.ActiveCfg = Release|Any CPU
		{D7A05445-E0FC-409F-815B-89FEE5652146}.Release|Any CPU.Build.0 = Release|Any CPU
		{3C6E1997-0AB9-4ADA-BCE9-35D41EC24505}.Debug|Any CPU.ActiveCfg = Debug|Any CPU
		{3C6E1997-0AB9-4ADA-BCE9-35D41EC24505}.Debug|Any CPU.Build.0 = Debug|Any CPU
		{3C6E1997-0AB9-4ADA-BCE9-35D41EC24505}.Release|Any CPU.ActiveCfg = Release|Any CPU
		{3C6E1997-0AB9-4ADA-BCE9-35D41EC24505}.Release|Any CPU.Build.0 = Release|Any CPU
		{54020E83-8312-40C3-BF50-07A9283A0FFD}.Debug|Any CPU.ActiveCfg = Debug|Any CPU
		{54020E83-8312-40C3-BF50-07A9283A0FFD}.Debug|Any CPU.Build.0 = Debug|Any CPU
		{54020E83-8312-40C3-BF50-07A9283A0FFD}.Release|Any CPU.ActiveCfg = Release|Any CPU
		{54020E83-8312-40C3-BF50-07A9283A0FFD}.Release|Any CPU.Build.0 = Release|Any CPU
		{1823523E-57E6-4FC2-8910-B062518C5DEB}.Debug|Any CPU.ActiveCfg = Debug|Any CPU
		{1823523E-57E6-4FC2-8910-B062518C5DEB}.Debug|Any CPU.Build.0 = Debug|Any CPU
		{1823523E-57E6-4FC2-8910-B062518C5DEB}.Release|Any CPU.ActiveCfg = Release|Any CPU
		{1823523E-57E6-4FC2-8910-B062518C5DEB}.Release|Any CPU.Build.0 = Release|Any CPU
		{981BC512-9BE9-426C-B63C-78CA76D52BE8}.Debug|Any CPU.ActiveCfg = Debug|Any CPU
		{981BC512-9BE9-426C-B63C-78CA76D52BE8}.Debug|Any CPU.Build.0 = Debug|Any CPU
		{981BC512-9BE9-426C-B63C-78CA76D52BE8}.Release|Any CPU.ActiveCfg = Release|Any CPU
		{981BC512-9BE9-426C-B63C-78CA76D52BE8}.Release|Any CPU.Build.0 = Release|Any CPU
		{3A885635-5B52-4B04-B94B-4EF0CA61B288}.Debug|Any CPU.ActiveCfg = Debug|Any CPU
		{3A885635-5B52-4B04-B94B-4EF0CA61B288}.Debug|Any CPU.Build.0 = Debug|Any CPU
		{3A885635-5B52-4B04-B94B-4EF0CA61B288}.Release|Any CPU.ActiveCfg = Release|Any CPU
		{3A885635-5B52-4B04-B94B-4EF0CA61B288}.Release|Any CPU.Build.0 = Release|Any CPU
		{619321A9-AB00-40DD-9939-31EDB520B097}.Debug|Any CPU.ActiveCfg = Debug|Any CPU
		{619321A9-AB00-40DD-9939-31EDB520B097}.Debug|Any CPU.Build.0 = Debug|Any CPU
		{619321A9-AB00-40DD-9939-31EDB520B097}.Release|Any CPU.ActiveCfg = Release|Any CPU
		{619321A9-AB00-40DD-9939-31EDB520B097}.Release|Any CPU.Build.0 = Release|Any CPU
		{2425695A-342D-4D08-A8FB-8D9329981F23}.Debug|Any CPU.ActiveCfg = Debug|Any CPU
		{2425695A-342D-4D08-A8FB-8D9329981F23}.Debug|Any CPU.Build.0 = Debug|Any CPU
		{2425695A-342D-4D08-A8FB-8D9329981F23}.Release|Any CPU.ActiveCfg = Release|Any CPU
		{2425695A-342D-4D08-A8FB-8D9329981F23}.Release|Any CPU.Build.0 = Release|Any CPU
	EndGlobalSection
	GlobalSection(SolutionProperties) = preSolution
		HideSolutionNode = FALSE
	EndGlobalSection
	GlobalSection(NestedProjects) = preSolution
		{7A185D94-7321-4D57-A453-A00DCE4A2D21} = {02EA681E-C7D8-13C7-8484-4AC65E1B71E8}
		{71F690BE-70BB-4911-885B-F6C5D42A9BF3} = {7A185D94-7321-4D57-A453-A00DCE4A2D21}
		{9BBB734A-4D87-4D1E-8963-1B0C14B19F33} = {02EA681E-C7D8-13C7-8484-4AC65E1B71E8}
		{BE855584-FA7F-4852-91D7-1CCD1C2C2FB2} = {9BBB734A-4D87-4D1E-8963-1B0C14B19F33}
		{C2CE6165-0BD3-4CF4-ACAA-01AC55C8F539} = {9BBB734A-4D87-4D1E-8963-1B0C14B19F33}
		{DC9E762C-AB78-4D06-83ED-26083DF298EB} = {9BBB734A-4D87-4D1E-8963-1B0C14B19F33}
		{4B84AF57-5F04-4A73-B023-6ED1630FB7F6} = {9BBB734A-4D87-4D1E-8963-1B0C14B19F33}
		{B758A4C6-A851-40A4-B85B-57C237C13A69} = {9BBB734A-4D87-4D1E-8963-1B0C14B19F33}
		{586128A7-9850-4FBC-A2ED-B5270A465BA5} = {02EA681E-C7D8-13C7-8484-4AC65E1B71E8}
		{52E3C8A0-B25E-4CAE-B6BD-EF856AE0F8F4} = {586128A7-9850-4FBC-A2ED-B5270A465BA5}
		{30955DDE-48A4-4687-B977-A0ED5EDF8F06} = {586128A7-9850-4FBC-A2ED-B5270A465BA5}
		{C970BE09-2B94-4B91-B8EC-7FD2C7B681F2} = {586128A7-9850-4FBC-A2ED-B5270A465BA5}
		{BB0C5C42-8F95-44B2-AD61-0943A885BE26} = {02EA681E-C7D8-13C7-8484-4AC65E1B71E8}
		{6BDEA579-8572-489D-8B10-3D454B184EDB} = {BB0C5C42-8F95-44B2-AD61-0943A885BE26}
		{49E9E751-E298-4C6C-9D50-C85D7749FBCB} = {BB0C5C42-8F95-44B2-AD61-0943A885BE26}
		{CA040556-E8BA-4B7B-B200-4ACABC4FE146} = {BB0C5C42-8F95-44B2-AD61-0943A885BE26}
		{31A79902-70AB-4155-B346-6A2B235AD64F} = {02EA681E-C7D8-13C7-8484-4AC65E1B71E8}
		{D7A05445-E0FC-409F-815B-89FEE5652146} = {31A79902-70AB-4155-B346-6A2B235AD64F}
		{3C6E1997-0AB9-4ADA-BCE9-35D41EC24505} = {31A79902-70AB-4155-B346-6A2B235AD64F}
		{54020E83-8312-40C3-BF50-07A9283A0FFD} = {31A79902-70AB-4155-B346-6A2B235AD64F}
		{1823523E-57E6-4FC2-8910-B062518C5DEB} = {31A79902-70AB-4155-B346-6A2B235AD64F}
		{981BC512-9BE9-426C-B63C-78CA76D52BE8} = {31A79902-70AB-4155-B346-6A2B235AD64F}
		{3A885635-5B52-4B04-B94B-4EF0CA61B288} = {31A79902-70AB-4155-B346-6A2B235AD64F}
		{AA126DB9-E28E-40F1-AFDF-9B61F898BC88} = {02EA681E-C7D8-13C7-8484-4AC65E1B71E8}
		{619321A9-AB00-40DD-9939-31EDB520B097} = {AA126DB9-E28E-40F1-AFDF-9B61F898BC88}
		{71F94BE8-59ED-4CEA-A328-03BE20F47F01} = {02EA681E-C7D8-13C7-8484-4AC65E1B71E8}
		{2425695A-342D-4D08-A8FB-8D9329981F23} = {71F94BE8-59ED-4CEA-A328-03BE20F47F01}
	EndGlobalSection
	GlobalSection(ExtensibilityGlobals) = postSolution
		SolutionGuid = {CB84EF82-36E4-44DA-BAF0-296CA56F714B}
	EndGlobalSection
EndGlobal
